
Microsoft Visual Studio Solution File, Format Version 12.00
# Visual Studio 2013
VisualStudioVersion = 12.0.40629.0
MinimumVisualStudioVersion = 10.0.40219.1
Project("{FAE04EC0-301F-11D3-BF4B-00C04F79EFBC}") = "C64Studio", "C64Studio\C64Studio.csproj", "{5BEA5CE5-4C5D-4EC5-83F3-83634E929858}"
	ProjectSection(ProjectDependencies) = postProject
		{6F3BD3CF-015F-4D68-A015-4695DDD0E44B} = {6F3BD3CF-015F-4D68-A015-4695DDD0E44B}
	EndProjectSection
EndProject
Project("{FAE04EC0-301F-11D3-BF4B-00C04F79EFBC}") = "HexBox", "HexBox\HexBox.csproj", "{EA74431C-8749-4F1A-8F8F-FCEDAFAE89B9}"
EndProject
Project("{FAE04EC0-301F-11D3-BF4B-00C04F79EFBC}") = "MediaManager", "MediaManager\MediaManager.csproj", "{0718AAF4-1991-4BA1-A060-476767A30E93}"
EndProject
Project("{FAE04EC0-301F-11D3-BF4B-00C04F79EFBC}") = "FastColoredTextBox", "FastColoredTextBox\FastColoredTextBox.csproj", "{6DD14A85-CCFC-4774-BD26-0F5772512319}"
EndProject
Project("{FAE04EC0-301F-11D3-BF4B-00C04F79EFBC}") = "MediaTool", "MediaTool\MediaTool.csproj", "{DFC77808-2D96-4DFE-8B35-5108E864A325}"
EndProject
Project("{FAE04EC0-301F-11D3-BF4B-00C04F79EFBC}") = "TestProject", "TestProject\TestProject.csproj", "{6AAC13D8-50DE-4199-B331-063516E8F333}"
EndProject
Project("{FAE04EC0-301F-11D3-BF4B-00C04F79EFBC}") = "C64Ass", "C64Ass\C64Ass.csproj", "{060EC631-0065-45F1-AE91-5E39FE260337}"
EndProject
Project("{2150E333-8FDC-42A3-9474-1A3956D46DE8}") = "Solution Items", "Solution Items", "{B80F7D3F-F7FA-49FA-BCEB-63A99D5760F7}"
	ProjectSection(SolutionItems) = preProject
		license.md = license.md
		readme.md = readme.md
	EndProjectSection
EndProject
Project("{FAE04EC0-301F-11D3-BF4B-00C04F79EFBC}") = "Tiny64", "Tiny64\Tiny64.csproj", "{6F3BD3CF-015F-4D68-A015-4695DDD0E44B}"
EndProject
Global
	GlobalSection(SolutionConfigurationPlatforms) = preSolution
		Debug|Any CPU = Debug|Any CPU
		Release|Any CPU = Release|Any CPU
	EndGlobalSection
	GlobalSection(ProjectConfigurationPlatforms) = postSolution
		{5BEA5CE5-4C5D-4EC5-83F3-83634E929858}.Debug|Any CPU.ActiveCfg = Debug|Any CPU
		{5BEA5CE5-4C5D-4EC5-83F3-83634E929858}.Debug|Any CPU.Build.0 = Debug|Any CPU
		{5BEA5CE5-4C5D-4EC5-83F3-83634E929858}.Release|Any CPU.ActiveCfg = Release|Any CPU
		{5BEA5CE5-4C5D-4EC5-83F3-83634E929858}.Release|Any CPU.Build.0 = Release|Any CPU
		{EA74431C-8749-4F1A-8F8F-FCEDAFAE89B9}.Debug|Any CPU.ActiveCfg = Debug|Any CPU
		{EA74431C-8749-4F1A-8F8F-FCEDAFAE89B9}.Debug|Any CPU.Build.0 = Debug|Any CPU
		{EA74431C-8749-4F1A-8F8F-FCEDAFAE89B9}.Release|Any CPU.ActiveCfg = Release|Any CPU
		{EA74431C-8749-4F1A-8F8F-FCEDAFAE89B9}.Release|Any CPU.Build.0 = Release|Any CPU
		{0718AAF4-1991-4BA1-A060-476767A30E93}.Debug|Any CPU.ActiveCfg = Debug|Any CPU
		{0718AAF4-1991-4BA1-A060-476767A30E93}.Debug|Any CPU.Build.0 = Debug|Any CPU
		{0718AAF4-1991-4BA1-A060-476767A30E93}.Release|Any CPU.ActiveCfg = Release|Any CPU
		{0718AAF4-1991-4BA1-A060-476767A30E93}.Release|Any CPU.Build.0 = Release|Any CPU
		{6DD14A85-CCFC-4774-BD26-0F5772512319}.Debug|Any CPU.ActiveCfg = Debug|Any CPU
		{6DD14A85-CCFC-4774-BD26-0F5772512319}.Debug|Any CPU.Build.0 = Debug|Any CPU
		{6DD14A85-CCFC-4774-BD26-0F5772512319}.Release|Any CPU.ActiveCfg = Release|Any CPU
		{6DD14A85-CCFC-4774-BD26-0F5772512319}.Release|Any CPU.Build.0 = Release|Any CPU
		{DFC77808-2D96-4DFE-8B35-5108E864A325}.Debug|Any CPU.ActiveCfg = Debug|Any CPU
		{DFC77808-2D96-4DFE-8B35-5108E864A325}.Debug|Any CPU.Build.0 = Debug|Any CPU
		{DFC77808-2D96-4DFE-8B35-5108E864A325}.Release|Any CPU.ActiveCfg = Release|Any CPU
		{DFC77808-2D96-4DFE-8B35-5108E864A325}.Release|Any CPU.Build.0 = Release|Any CPU
		{6AAC13D8-50DE-4199-B331-063516E8F333}.Debug|Any CPU.ActiveCfg = Debug|Any CPU
		{6AAC13D8-50DE-4199-B331-063516E8F333}.Debug|Any CPU.Build.0 = Debug|Any CPU
		{6AAC13D8-50DE-4199-B331-063516E8F333}.Release|Any CPU.ActiveCfg = Release|Any CPU
		{6AAC13D8-50DE-4199-B331-063516E8F333}.Release|Any CPU.Build.0 = Release|Any CPU
		{060EC631-0065-45F1-AE91-5E39FE260337}.Debug|Any CPU.ActiveCfg = Debug|Any CPU
		{060EC631-0065-45F1-AE91-5E39FE260337}.Debug|Any CPU.Build.0 = Debug|Any CPU
		{060EC631-0065-45F1-AE91-5E39FE260337}.Release|Any CPU.ActiveCfg = Release|Any CPU
		{060EC631-0065-45F1-AE91-5E39FE260337}.Release|Any CPU.Build.0 = Release|Any CPU
		{6F3BD3CF-015F-4D68-A015-4695DDD0E44B}.Debug|Any CPU.ActiveCfg = Debug|Any CPU
		{6F3BD3CF-015F-4D68-A015-4695DDD0E44B}.Debug|Any CPU.Build.0 = Debug|Any CPU
		{6F3BD3CF-015F-4D68-A015-4695DDD0E44B}.Release|Any CPU.ActiveCfg = Release|Any CPU
		{6F3BD3CF-015F-4D68-A015-4695DDD0E44B}.Release|Any CPU.Build.0 = Release|Any CPU
	EndGlobalSection
	GlobalSection(SolutionProperties) = preSolution
		HideSolutionNode = FALSE
	EndGlobalSection
EndGlobal
